
Microsoft Visual Studio Solution File, Format Version 12.00
# Visual Studio Version 17
VisualStudioVersion = 17.5.33424.131
MinimumVisualStudioVersion = 10.0.40219.1
Project("{FAE04EC0-301F-11D3-BF4B-00C04F79EFBC}") = "Kingsman", "Kingsman\Kingsman.csproj", "{52161811-D9CC-49D9-8BB7-1CA7EE924BC4}"
EndProject
Global
	GlobalSection(SolutionConfigurationPlatforms) = preSolution
		Debug|Any CPU = Debug|Any CPU
		Release|Any CPU = Release|Any CPU
	EndGlobalSection
	GlobalSection(ProjectConfigurationPlatforms) = postSolution
		{52161811-D9CC-49D9-8BB7-1CA7EE924BC4}.Debug|Any CPU.ActiveCfg = Debug|Any CPU
		{52161811-D9CC-49D9-8BB7-1CA7EE924BC4}.Debug|Any CPU.Build.0 = Debug|Any CPU
		{52161811-D9CC-49D9-8BB7-1CA7EE924BC4}.Release|Any CPU.ActiveCfg = Release|Any CPU
		{52161811-D9CC-49D9-8BB7-1CA7EE924BC4}.Release|Any CPU.Build.0 = Release|Any CPU
	EndGlobalSection
	GlobalSection(SolutionProperties) = preSolution
		HideSolutionNode = FALSE
	EndGlobalSection
	GlobalSection(ExtensibilityGlobals) = postSolution
		SolutionGuid = {738386FC-B814-4142-A248-37E9BF543573}
	EndGlobalSection
EndGlobal
